
Microsoft Visual Studio Solution File, Format Version 12.00
# Visual Studio Version 17
VisualStudioVersion = 17.9.34607.119
MinimumVisualStudioVersion = 10.0.40219.1
Project("{FAE04EC0-301F-11D3-BF4B-00C04F79EFBC}") = "ToursApp", "ToursApp\ToursApp.csproj", "{225F1449-3A60-4E19-B77C-2E060E18C4F8}"
EndProject
Global
	GlobalSection(SolutionConfigurationPlatforms) = preSolution
		Debug|Any CPU = Debug|Any CPU
		Release|Any CPU = Release|Any CPU
	EndGlobalSection
	GlobalSection(ProjectConfigurationPlatforms) = postSolution
		{225F1449-3A60-4E19-B77C-2E060E18C4F8}.Debug|Any CPU.ActiveCfg = Debug|Any CPU
		{225F1449-3A60-4E19-B77C-2E060E18C4F8}.Debug|Any CPU.Build.0 = Debug|Any CPU
		{225F1449-3A60-4E19-B77C-2E060E18C4F8}.Release|Any CPU.ActiveCfg = Release|Any CPU
		{225F1449-3A60-4E19-B77C-2E060E18C4F8}.Release|Any CPU.Build.0 = Release|Any CPU
	EndGlobalSection
	GlobalSection(SolutionProperties) = preSolution
		HideSolutionNode = FALSE
	EndGlobalSection
	GlobalSection(ExtensibilityGlobals) = postSolution
		SolutionGuid = {7997346B-1C05-4227-B495-AC031F1BAF06}
	EndGlobalSection
EndGlobal
